
Microsoft Visual Studio Solution File, Format Version 12.00
# Visual Studio Version 17
VisualStudioVersion = 17.1.32228.430
MinimumVisualStudioVersion = 10.0.40219.1
Project("{9A19103F-16F7-4668-BE54-9A1E7A4F7556}") = "NovelUpdates.Scrapper", "NovelUpdates.Scrapper\NovelUpdates.Scrapper.csproj", "{FB836F2D-F1E0-4CE9-9C70-B15142DDAEFE}"
EndProject
Global
	GlobalSection(SolutionConfigurationPlatforms) = preSolution
		Debug|Any CPU = Debug|Any CPU
		Release|Any CPU = Release|Any CPU
	EndGlobalSection
	GlobalSection(ProjectConfigurationPlatforms) = postSolution
		{FB836F2D-F1E0-4CE9-9C70-B15142DDAEFE}.Debug|Any CPU.ActiveCfg = Debug|Any CPU
		{FB836F2D-F1E0-4CE9-9C70-B15142DDAEFE}.Debug|Any CPU.Build.0 = Debug|Any CPU
		{FB836F2D-F1E0-4CE9-9C70-B15142DDAEFE}.Release|Any CPU.ActiveCfg = Release|Any CPU
		{FB836F2D-F1E0-4CE9-9C70-B15142DDAEFE}.Release|Any CPU.Build.0 = Release|Any CPU
	EndGlobalSection
	GlobalSection(SolutionProperties) = preSolution
		HideSolutionNode = FALSE
	EndGlobalSection
	GlobalSection(ExtensibilityGlobals) = postSolution
		SolutionGuid = {CECEA315-FB91-4122-92C3-20EABD3D1A93}
	EndGlobalSection
EndGlobal
